// !$*UTF8*$!
{
	archiveVersion = 1;
	classes = {
	};
	objectVersion = 46;
	objects = {

/* Begin PBXBuildFile section */
		633309D516C0CCC3002A88FE /* GoogleReaderClient.m in Sources */ = {isa = PBXBuildFile; fileRef = 633309D416C0CCC3002A88FE /* GoogleReaderClient.m */; };
		633309D916C17F68002A88FE /* GoogleReaderFeedViewController.m in Sources */ = {isa = PBXBuildFile; fileRef = 633309D816C17F68002A88FE /* GoogleReaderFeedViewController.m */; };
		633309E216C18CDA002A88FE /* GoogleReaderLoginViewController.m in Sources */ = {isa = PBXBuildFile; fileRef = 633309E016C18CD9002A88FE /* GoogleReaderLoginViewController.m */; };
		633309E316C18CDA002A88FE /* GoogleReaderLoginViewController.xib in Resources */ = {isa = PBXBuildFile; fileRef = 633309E116C18CD9002A88FE /* GoogleReaderLoginViewController.xib */; };
		633309E716C1D2E2002A88FE /* FeedbackViewController.m in Sources */ = {isa = PBXBuildFile; fileRef = 633309E516C1D2E1002A88FE /* FeedbackViewController.m */; };
		633309E816C1D2E2002A88FE /* FeedbackViewController.xib in Resources */ = {isa = PBXBuildFile; fileRef = 633309E616C1D2E1002A88FE /* FeedbackViewController.xib */; };
		633309EA16C22193002A88FE /* DropboxSDK.framework in Frameworks */ = {isa = PBXBuildFile; fileRef = 633309E916C22193002A88FE /* DropboxSDK.framework */; };
		63330A0816C22299002A88FE /* blackButton.png in Resources */ = {isa = PBXBuildFile; fileRef = 633309EC16C22299002A88FE /* blackButton.png */; };
		63330A0916C22299002A88FE /* blackButton@2x.png in Resources */ = {isa = PBXBuildFile; fileRef = 633309ED16C22299002A88FE /* blackButton@2x.png */; };
		63330A0A16C22299002A88FE /* blackButtonHighlight.png in Resources */ = {isa = PBXBuildFile; fileRef = 633309EE16C22299002A88FE /* blackButtonHighlight.png */; };
		63330A0B16C22299002A88FE /* blackButtonHighlight@2x.png in Resources */ = {isa = PBXBuildFile; fileRef = 633309EF16C22299002A88FE /* blackButtonHighlight@2x.png */; };
		63330A0C16C22299002A88FE /* blueButton.png in Resources */ = {isa = PBXBuildFile; fileRef = 633309F016C22299002A88FE /* blueButton.png */; };
		63330A0D16C22299002A88FE /* blueButton@2x.png in Resources */ = {isa = PBXBuildFile; fileRef = 633309F116C22299002A88FE /* blueButton@2x.png */; };
		63330A0E16C22299002A88FE /* blueButtonHighlight.png in Resources */ = {isa = PBXBuildFile; fileRef = 633309F216C22299002A88FE /* blueButtonHighlight.png */; };
		63330A0F16C22299002A88FE /* blueButtonHighlight@2x.png in Resources */ = {isa = PBXBuildFile; fileRef = 633309F316C22299002A88FE /* blueButtonHighlight@2x.png */; };
		63330A1016C22299002A88FE /* greenButton.png in Resources */ = {isa = PBXBuildFile; fileRef = 633309F416C22299002A88FE /* greenButton.png */; };
		63330A1116C22299002A88FE /* greenButton@2x.png in Resources */ = {isa = PBXBuildFile; fileRef = 633309F516C22299002A88FE /* greenButton@2x.png */; };
		63330A1216C22299002A88FE /* greenButtonHighlight.png in Resources */ = {isa = PBXBuildFile; fileRef = 633309F616C22299002A88FE /* greenButtonHighlight.png */; };
		63330A1316C22299002A88FE /* greenButtonHighlight@2x.png in Resources */ = {isa = PBXBuildFile; fileRef = 633309F716C22299002A88FE /* greenButtonHighlight@2x.png */; };
		63330A1416C22299002A88FE /* greyButton.png in Resources */ = {isa = PBXBuildFile; fileRef = 633309F816C22299002A88FE /* greyButton.png */; };
		63330A1516C22299002A88FE /* greyButton@2x.png in Resources */ = {isa = PBXBuildFile; fileRef = 633309F916C22299002A88FE /* greyButton@2x.png */; };
		63330A1616C22299002A88FE /* greyButtonHighlight.png in Resources */ = {isa = PBXBuildFile; fileRef = 633309FA16C22299002A88FE /* greyButtonHighlight.png */; };
		63330A1716C22299002A88FE /* greyButtonHighlight@2x.png in Resources */ = {isa = PBXBuildFile; fileRef = 633309FB16C22299002A88FE /* greyButtonHighlight@2x.png */; };
		63330A1816C22299002A88FE /* orangeButton.png in Resources */ = {isa = PBXBuildFile; fileRef = 633309FC16C22299002A88FE /* orangeButton.png */; };
		63330A1916C22299002A88FE /* orangeButton@2x.png in Resources */ = {isa = PBXBuildFile; fileRef = 633309FD16C22299002A88FE /* orangeButton@2x.png */; };
		63330A1A16C22299002A88FE /* orangeButtonHighlight.png in Resources */ = {isa = PBXBuildFile; fileRef = 633309FE16C22299002A88FE /* orangeButtonHighlight.png */; };
		63330A1B16C22299002A88FE /* orangeButtonHighlight@2x.png in Resources */ = {isa = PBXBuildFile; fileRef = 633309FF16C22299002A88FE /* orangeButtonHighlight@2x.png */; };
		63330A1C16C22299002A88FE /* tanButton.png in Resources */ = {isa = PBXBuildFile; fileRef = 63330A0016C22299002A88FE /* tanButton.png */; };
		63330A1D16C22299002A88FE /* tanButton@2x.png in Resources */ = {isa = PBXBuildFile; fileRef = 63330A0116C22299002A88FE /* tanButton@2x.png */; };
		63330A1E16C22299002A88FE /* tanButtonHighlight.png in Resources */ = {isa = PBXBuildFile; fileRef = 63330A0216C22299002A88FE /* tanButtonHighlight.png */; };
		63330A1F16C22299002A88FE /* tanButtonHighlight@2x.png in Resources */ = {isa = PBXBuildFile; fileRef = 63330A0316C22299002A88FE /* tanButtonHighlight@2x.png */; };
		63330A2016C22299002A88FE /* whiteButton.png in Resources */ = {isa = PBXBuildFile; fileRef = 63330A0416C22299002A88FE /* whiteButton.png */; };
		63330A2116C22299002A88FE /* whiteButton@2x.png in Resources */ = {isa = PBXBuildFile; fileRef = 63330A0516C22299002A88FE /* whiteButton@2x.png */; };
		63330A2216C22299002A88FE /* whiteButtonHighlight.png in Resources */ = {isa = PBXBuildFile; fileRef = 63330A0616C22299002A88FE /* whiteButtonHighlight.png */; };
		63330A2316C22299002A88FE /* whiteButtonHighlight@2x.png in Resources */ = {isa = PBXBuildFile; fileRef = 63330A0716C22299002A88FE /* whiteButtonHighlight@2x.png */; };
		63330A2616C445CA002A88FE /* ReadeyArticleCell.m in Sources */ = {isa = PBXBuildFile; fileRef = 63330A2516C445C9002A88FE /* ReadeyArticleCell.m */; };
		63330A2816C446E6002A88FE /* ReadeyArticleCell.xib in Resources */ = {isa = PBXBuildFile; fileRef = 63330A2716C446E6002A88FE /* ReadeyArticleCell.xib */; };
		63330A2F16C5BC39002A88FE /* WebViewController.m in Sources */ = {isa = PBXBuildFile; fileRef = 63330A2E16C5BC38002A88FE /* WebViewController.m */; };
		638BA0F116BB363F0005529C /* ArticleAddViewController.m in Sources */ = {isa = PBXBuildFile; fileRef = 638BA0EF16BB363F0005529C /* ArticleAddViewController.m */; };
		638BA0F216BB363F0005529C /* ArticleAddViewController.xib in Resources */ = {isa = PBXBuildFile; fileRef = 638BA0F016BB363F0005529C /* ArticleAddViewController.xib */; };
		638BA12616BE3EAC0005529C /* GoogleReaderViewController.m in Sources */ = {isa = PBXBuildFile; fileRef = 638BA12516BE3EAB0005529C /* GoogleReaderViewController.m */; };
		63A2ED26169C8DCD0071D549 /* UIKit.framework in Frameworks */ = {isa = PBXBuildFile; fileRef = 63A2ED25169C8DCD0071D549 /* UIKit.framework */; };
		63A2ED28169C8DCD0071D549 /* Foundation.framework in Frameworks */ = {isa = PBXBuildFile; fileRef = 63A2ED27169C8DCD0071D549 /* Foundation.framework */; };
		63A2ED2A169C8DCD0071D549 /* CoreGraphics.framework in Frameworks */ = {isa = PBXBuildFile; fileRef = 63A2ED29169C8DCD0071D549 /* CoreGraphics.framework */; };
		63A2ED30169C8DCD0071D549 /* InfoPlist.strings in Resources */ = {isa = PBXBuildFile; fileRef = 63A2ED2E169C8DCD0071D549 /* InfoPlist.strings */; };
		63A2ED32169C8DCD0071D549 /* main.m in Sources */ = {isa = PBXBuildFile; fileRef = 63A2ED31169C8DCD0071D549 /* main.m */; };
		63A2ED36169C8DCD0071D549 /* ReadeyAppDelegate.m in Sources */ = {isa = PBXBuildFile; fileRef = 63A2ED35169C8DCD0071D549 /* ReadeyAppDelegate.m */; };
		63A2ED38169C8DCD0071D549 /* Default.png in Resources */ = {isa = PBXBuildFile; fileRef = 63A2ED37169C8DCD0071D549 /* Default.png */; };
		63A2ED3A169C8DCE0071D549 /* Default@2x.png in Resources */ = {isa = PBXBuildFile; fileRef = 63A2ED39169C8DCE0071D549 /* Default@2x.png */; };
		63A2ED3C169C8DCE0071D549 /* Default-568h@2x.png in Resources */ = {isa = PBXBuildFile; fileRef = 63A2ED3B169C8DCE0071D549 /* Default-568h@2x.png */; };
		63A2ED3F169C8DCE0071D549 /* ReadeyViewController.m in Sources */ = {isa = PBXBuildFile; fileRef = 63A2ED3E169C8DCE0071D549 /* ReadeyViewController.m */; };
		63A2ED42169C8DCE0071D549 /* ReadeyViewController.xib in Resources */ = {isa = PBXBuildFile; fileRef = 63A2ED40169C8DCE0071D549 /* ReadeyViewController.xib */; };
		63A2ED5C169E18480071D549 /* Security.framework in Frameworks */ = {isa = PBXBuildFile; fileRef = 63A2ED5B169E18480071D549 /* Security.framework */; };
		63A2ED63169E1B5D0071D549 /* KeychainItemWrapper.m in Sources */ = {isa = PBXBuildFile; fileRef = 63A2ED62169E1B5D0071D549 /* KeychainItemWrapper.m */; };
		63A2ED67169E1CA00071D549 /* LoginViewController.m in Sources */ = {isa = PBXBuildFile; fileRef = 63A2ED65169E1CA00071D549 /* LoginViewController.m */; };
		63A2ED68169E1CA00071D549 /* LoginViewController.xib in Resources */ = {isa = PBXBuildFile; fileRef = 63A2ED66169E1CA00071D549 /* LoginViewController.xib */; };
		63A2ED92169E37380071D549 /* NSObject+SBJson.m in Sources */ = {isa = PBXBuildFile; fileRef = 63A2ED6C169E37380071D549 /* NSObject+SBJson.m */; };
		63A2ED93169E37380071D549 /* SBJsonParser.m in Sources */ = {isa = PBXBuildFile; fileRef = 63A2ED6F169E37380071D549 /* SBJsonParser.m */; };
		63A2ED94169E37380071D549 /* SBJsonStreamParser.m in Sources */ = {isa = PBXBuildFile; fileRef = 63A2ED71169E37380071D549 /* SBJsonStreamParser.m */; };
		63A2ED95169E37380071D549 /* SBJsonStreamParserAccumulator.m in Sources */ = {isa = PBXBuildFile; fileRef = 63A2ED73169E37380071D549 /* SBJsonStreamParserAccumulator.m */; };
		63A2ED96169E37380071D549 /* SBJsonStreamParserAdapter.m in Sources */ = {isa = PBXBuildFile; fileRef = 63A2ED75169E37380071D549 /* SBJsonStreamParserAdapter.m */; };
		63A2ED97169E37380071D549 /* SBJsonStreamParserState.m in Sources */ = {isa = PBXBuildFile; fileRef = 63A2ED77169E37380071D549 /* SBJsonStreamParserState.m */; };
		63A2ED98169E37380071D549 /* SBJsonStreamWriter.m in Sources */ = {isa = PBXBuildFile; fileRef = 63A2ED79169E37380071D549 /* SBJsonStreamWriter.m */; };
		63A2ED99169E37380071D549 /* SBJsonStreamWriterAccumulator.m in Sources */ = {isa = PBXBuildFile; fileRef = 63A2ED7B169E37380071D549 /* SBJsonStreamWriterAccumulator.m */; };
		63A2ED9A169E37380071D549 /* SBJsonStreamWriterState.m in Sources */ = {isa = PBXBuildFile; fileRef = 63A2ED7D169E37380071D549 /* SBJsonStreamWriterState.m */; };
		63A2ED9B169E37380071D549 /* SBJsonTokeniser.m in Sources */ = {isa = PBXBuildFile; fileRef = 63A2ED7F169E37380071D549 /* SBJsonTokeniser.m */; };
		63A2ED9C169E37380071D549 /* SBJsonUTF8Stream.m in Sources */ = {isa = PBXBuildFile; fileRef = 63A2ED81169E37380071D549 /* SBJsonUTF8Stream.m */; };
		63A2ED9D169E37380071D549 /* SBJsonWriter.m in Sources */ = {isa = PBXBuildFile; fileRef = 63A2ED83169E37380071D549 /* SBJsonWriter.m */; };
		63A2ED9E169E37380071D549 /* UGActivity.m in Sources */ = {isa = PBXBuildFile; fileRef = 63A2ED85169E37380071D549 /* UGActivity.m */; };
		63A2ED9F169E37380071D549 /* UGClient.m in Sources */ = {isa = PBXBuildFile; fileRef = 63A2ED87169E37380071D549 /* UGClient.m */; };
		63A2EDA0169E37380071D549 /* UGClientResponse.m in Sources */ = {isa = PBXBuildFile; fileRef = 63A2ED89169E37380071D549 /* UGClientResponse.m */; };
		63A2EDA1169E37380071D549 /* UGHTTPManager.m in Sources */ = {isa = PBXBuildFile; fileRef = 63A2ED8B169E37380071D549 /* UGHTTPManager.m */; };
		63A2EDA2169E37380071D549 /* UGMultiStepAction.m in Sources */ = {isa = PBXBuildFile; fileRef = 63A2ED8D169E37380071D549 /* UGMultiStepAction.m */; };
		63A2EDA3169E37380071D549 /* UGQuery.m in Sources */ = {isa = PBXBuildFile; fileRef = 63A2ED8F169E37380071D549 /* UGQuery.m */; };
		63A2EDA4169E37380071D549 /* UGUser.m in Sources */ = {isa = PBXBuildFile; fileRef = 63A2ED91169E37380071D549 /* UGUser.m */; };
		63A2EDAF169E98540071D549 /* Client.m in Sources */ = {isa = PBXBuildFile; fileRef = 63A2EDAE169E98530071D549 /* Client.m */; };
		63A2EDB816A098950071D549 /* FoldersViewController.m in Sources */ = {isa = PBXBuildFile; fileRef = 63A2EDB716A098940071D549 /* FoldersViewController.m */; };
		63A2EDBB16A0AFC50071D549 /* ArticleListViewController.m in Sources */ = {isa = PBXBuildFile; fileRef = 63A2EDBA16A0AFC50071D549 /* ArticleListViewController.m */; };
		63A2EDBE16A529800071D549 /* settings@2x.png in Resources */ = {isa = PBXBuildFile; fileRef = 63A2EDBD16A529800071D549 /* settings@2x.png */; };
		63A2EDC016A529950071D549 /* settings.png in Resources */ = {isa = PBXBuildFile; fileRef = 63A2EDBF16A529950071D549 /* settings.png */; };
		63D8102C16C9ABE000E43E92 /* NSString_stripHtml.m in Sources */ = {isa = PBXBuildFile; fileRef = 63D8102B16C9ABE000E43E92 /* NSString_stripHtml.m */; };
		63F1FD5216A7212100637B23 /* PickerViewController.m in Sources */ = {isa = PBXBuildFile; fileRef = 63F1FD5016A7212100637B23 /* PickerViewController.m */; };
		63F1FD5316A7212100637B23 /* PickerViewController.xib in Resources */ = {isa = PBXBuildFile; fileRef = 63F1FD5116A7212100637B23 /* PickerViewController.xib */; };
		63F1FD6716A73D6400637B23 /* SettingViewController.m in Sources */ = {isa = PBXBuildFile; fileRef = 63F1FD6616A73D6300637B23 /* SettingViewController.m */; };
		E4A69E6016B79D51001B1157 /* QuartzCore.framework in Frameworks */ = {isa = PBXBuildFile; fileRef = E4A69E5F16B79D51001B1157 /* QuartzCore.framework */; };
		E4ED330316B7B0FA00C21480 /* DropboxViewController.m in Sources */ = {isa = PBXBuildFile; fileRef = E4ED330216B7B0FA00C21480 /* DropboxViewController.m */; };
/* End PBXBuildFile section */

/* Begin PBXFileReference section */
		633309D316C0CCC3002A88FE /* GoogleReaderClient.h */ = {isa = PBXFileReference; fileEncoding = 4; lastKnownFileType = sourcecode.c.h; path = GoogleReaderClient.h; sourceTree = "<group>"; };
		633309D416C0CCC3002A88FE /* GoogleReaderClient.m */ = {isa = PBXFileReference; fileEncoding = 4; lastKnownFileType = sourcecode.c.objc; path = GoogleReaderClient.m; sourceTree = "<group>"; };
		633309D716C17F68002A88FE /* GoogleReaderFeedViewController.h */ = {isa = PBXFileReference; fileEncoding = 4; lastKnownFileType = sourcecode.c.h; path = GoogleReaderFeedViewController.h; sourceTree = "<group>"; };
		633309D816C17F68002A88FE /* GoogleReaderFeedViewController.m */ = {isa = PBXFileReference; fileEncoding = 4; lastKnownFileType = sourcecode.c.objc; path = GoogleReaderFeedViewController.m; sourceTree = "<group>"; };
		633309DF16C18CD9002A88FE /* GoogleReaderLoginViewController.h */ = {isa = PBXFileReference; fileEncoding = 4; lastKnownFileType = sourcecode.c.h; path = GoogleReaderLoginViewController.h; sourceTree = "<group>"; };
		633309E016C18CD9002A88FE /* GoogleReaderLoginViewController.m */ = {isa = PBXFileReference; fileEncoding = 4; lastKnownFileType = sourcecode.c.objc; path = GoogleReaderLoginViewController.m; sourceTree = "<group>"; };
		633309E116C18CD9002A88FE /* GoogleReaderLoginViewController.xib */ = {isa = PBXFileReference; fileEncoding = 4; lastKnownFileType = file.xib; path = GoogleReaderLoginViewController.xib; sourceTree = "<group>"; };
		633309E416C1D2E0002A88FE /* FeedbackViewController.h */ = {isa = PBXFileReference; fileEncoding = 4; lastKnownFileType = sourcecode.c.h; path = FeedbackViewController.h; sourceTree = "<group>"; };
		633309E516C1D2E1002A88FE /* FeedbackViewController.m */ = {isa = PBXFileReference; fileEncoding = 4; lastKnownFileType = sourcecode.c.objc; path = FeedbackViewController.m; sourceTree = "<group>"; };
		633309E616C1D2E1002A88FE /* FeedbackViewController.xib */ = {isa = PBXFileReference; fileEncoding = 4; lastKnownFileType = file.xib; path = FeedbackViewController.xib; sourceTree = "<group>"; };
		633309E916C22193002A88FE /* DropboxSDK.framework */ = {isa = PBXFileReference; lastKnownFileType = wrapper.framework; path = DropboxSDK.framework; sourceTree = "<group>"; };
		633309EC16C22299002A88FE /* blackButton.png */ = {isa = PBXFileReference; lastKnownFileType = image.png; path = blackButton.png; sourceTree = "<group>"; };
		633309ED16C22299002A88FE /* blackButton@2x.png */ = {isa = PBXFileReference; lastKnownFileType = image.png; path = "blackButton@2x.png"; sourceTree = "<group>"; };
		633309EE16C22299002A88FE /* blackButtonHighlight.png */ = {isa = PBXFileReference; lastKnownFileType = image.png; path = blackButtonHighlight.png; sourceTree = "<group>"; };
		633309EF16C22299002A88FE /* blackButtonHighlight@2x.png */ = {isa = PBXFileReference; lastKnownFileType = image.png; path = "blackButtonHighlight@2x.png"; sourceTree = "<group>"; };
		633309F016C22299002A88FE /* blueButton.png */ = {isa = PBXFileReference; lastKnownFileType = image.png; path = blueButton.png; sourceTree = "<group>"; };
		633309F116C22299002A88FE /* blueButton@2x.png */ = {isa = PBXFileReference; lastKnownFileType = image.png; path = "blueButton@2x.png"; sourceTree = "<group>"; };
		633309F216C22299002A88FE /* blueButtonHighlight.png */ = {isa = PBXFileReference; lastKnownFileType = image.png; path = blueButtonHighlight.png; sourceTree = "<group>"; };
		633309F316C22299002A88FE /* blueButtonHighlight@2x.png */ = {isa = PBXFileReference; lastKnownFileType = image.png; path = "blueButtonHighlight@2x.png"; sourceTree = "<group>"; };
		633309F416C22299002A88FE /* greenButton.png */ = {isa = PBXFileReference; lastKnownFileType = image.png; path = greenButton.png; sourceTree = "<group>"; };
		633309F516C22299002A88FE /* greenButton@2x.png */ = {isa = PBXFileReference; lastKnownFileType = image.png; path = "greenButton@2x.png"; sourceTree = "<group>"; };
		633309F616C22299002A88FE /* greenButtonHighlight.png */ = {isa = PBXFileReference; lastKnownFileType = image.png; path = greenButtonHighlight.png; sourceTree = "<group>"; };
		633309F716C22299002A88FE /* greenButtonHighlight@2x.png */ = {isa = PBXFileReference; lastKnownFileType = image.png; path = "greenButtonHighlight@2x.png"; sourceTree = "<group>"; };
		633309F816C22299002A88FE /* greyButton.png */ = {isa = PBXFileReference; lastKnownFileType = image.png; path = greyButton.png; sourceTree = "<group>"; };
		633309F916C22299002A88FE /* greyButton@2x.png */ = {isa = PBXFileReference; lastKnownFileType = image.png; path = "greyButton@2x.png"; sourceTree = "<group>"; };
		633309FA16C22299002A88FE /* greyButtonHighlight.png */ = {isa = PBXFileReference; lastKnownFileType = image.png; path = greyButtonHighlight.png; sourceTree = "<group>"; };
		633309FB16C22299002A88FE /* greyButtonHighlight@2x.png */ = {isa = PBXFileReference; lastKnownFileType = image.png; path = "greyButtonHighlight@2x.png"; sourceTree = "<group>"; };
		633309FC16C22299002A88FE /* orangeButton.png */ = {isa = PBXFileReference; lastKnownFileType = image.png; path = orangeButton.png; sourceTree = "<group>"; };
		633309FD16C22299002A88FE /* orangeButton@2x.png */ = {isa = PBXFileReference; lastKnownFileType = image.png; path = "orangeButton@2x.png"; sourceTree = "<group>"; };
		633309FE16C22299002A88FE /* orangeButtonHighlight.png */ = {isa = PBXFileReference; lastKnownFileType = image.png; path = orangeButtonHighlight.png; sourceTree = "<group>"; };
		633309FF16C22299002A88FE /* orangeButtonHighlight@2x.png */ = {isa = PBXFileReference; lastKnownFileType = image.png; path = "orangeButtonHighlight@2x.png"; sourceTree = "<group>"; };
		63330A0016C22299002A88FE /* tanButton.png */ = {isa = PBXFileReference; lastKnownFileType = image.png; path = tanButton.png; sourceTree = "<group>"; };
		63330A0116C22299002A88FE /* tanButton@2x.png */ = {isa = PBXFileReference; lastKnownFileType = image.png; path = "tanButton@2x.png"; sourceTree = "<group>"; };
		63330A0216C22299002A88FE /* tanButtonHighlight.png */ = {isa = PBXFileReference; lastKnownFileType = image.png; path = tanButtonHighlight.png; sourceTree = "<group>"; };
		63330A0316C22299002A88FE /* tanButtonHighlight@2x.png */ = {isa = PBXFileReference; lastKnownFileType = image.png; path = "tanButtonHighlight@2x.png"; sourceTree = "<group>"; };
		63330A0416C22299002A88FE /* whiteButton.png */ = {isa = PBXFileReference; lastKnownFileType = image.png; path = whiteButton.png; sourceTree = "<group>"; };
		63330A0516C22299002A88FE /* whiteButton@2x.png */ = {isa = PBXFileReference; lastKnownFileType = image.png; path = "whiteButton@2x.png"; sourceTree = "<group>"; };
		63330A0616C22299002A88FE /* whiteButtonHighlight.png */ = {isa = PBXFileReference; lastKnownFileType = image.png; path = whiteButtonHighlight.png; sourceTree = "<group>"; };
		63330A0716C22299002A88FE /* whiteButtonHighlight@2x.png */ = {isa = PBXFileReference; lastKnownFileType = image.png; path = "whiteButtonHighlight@2x.png"; sourceTree = "<group>"; };
		63330A2416C445C9002A88FE /* ReadeyArticleCell.h */ = {isa = PBXFileReference; fileEncoding = 4; lastKnownFileType = sourcecode.c.h; path = ReadeyArticleCell.h; sourceTree = "<group>"; };
		63330A2516C445C9002A88FE /* ReadeyArticleCell.m */ = {isa = PBXFileReference; fileEncoding = 4; lastKnownFileType = sourcecode.c.objc; path = ReadeyArticleCell.m; sourceTree = "<group>"; };
		63330A2716C446E6002A88FE /* ReadeyArticleCell.xib */ = {isa = PBXFileReference; fileEncoding = 4; lastKnownFileType = file.xib; path = ReadeyArticleCell.xib; sourceTree = "<group>"; };
		63330A2D16C5BC38002A88FE /* WebViewController.h */ = {isa = PBXFileReference; fileEncoding = 4; lastKnownFileType = sourcecode.c.h; path = WebViewController.h; sourceTree = "<group>"; };
		63330A2E16C5BC38002A88FE /* WebViewController.m */ = {isa = PBXFileReference; fileEncoding = 4; lastKnownFileType = sourcecode.c.objc; path = WebViewController.m; sourceTree = "<group>"; };
		638BA0EE16BB363F0005529C /* ArticleAddViewController.h */ = {isa = PBXFileReference; fileEncoding = 4; lastKnownFileType = sourcecode.c.h; path = ArticleAddViewController.h; sourceTree = "<group>"; };
		638BA0EF16BB363F0005529C /* ArticleAddViewController.m */ = {isa = PBXFileReference; fileEncoding = 4; lastKnownFileType = sourcecode.c.objc; path = ArticleAddViewController.m; sourceTree = "<group>"; };
		638BA0F016BB363F0005529C /* ArticleAddViewController.xib */ = {isa = PBXFileReference; fileEncoding = 4; lastKnownFileType = file.xib; path = ArticleAddViewController.xib; sourceTree = "<group>"; };
		638BA12416BE3EAB0005529C /* GoogleReaderViewController.h */ = {isa = PBXFileReference; fileEncoding = 4; lastKnownFileType = sourcecode.c.h; path = GoogleReaderViewController.h; sourceTree = "<group>"; };
		638BA12516BE3EAB0005529C /* GoogleReaderViewController.m */ = {isa = PBXFileReference; fileEncoding = 4; lastKnownFileType = sourcecode.c.objc; path = GoogleReaderViewController.m; sourceTree = "<group>"; };
		63A2ED21169C8DCD0071D549 /* Readey.app */ = {isa = PBXFileReference; explicitFileType = wrapper.application; includeInIndex = 0; path = Readey.app; sourceTree = BUILT_PRODUCTS_DIR; };
		63A2ED25169C8DCD0071D549 /* UIKit.framework */ = {isa = PBXFileReference; lastKnownFileType = wrapper.framework; name = UIKit.framework; path = System/Library/Frameworks/UIKit.framework; sourceTree = SDKROOT; };
		63A2ED27169C8DCD0071D549 /* Foundation.framework */ = {isa = PBXFileReference; lastKnownFileType = wrapper.framework; name = Foundation.framework; path = System/Library/Frameworks/Foundation.framework; sourceTree = SDKROOT; };
		63A2ED29169C8DCD0071D549 /* CoreGraphics.framework */ = {isa = PBXFileReference; lastKnownFileType = wrapper.framework; name = CoreGraphics.framework; path = System/Library/Frameworks/CoreGraphics.framework; sourceTree = SDKROOT; };
		63A2ED2D169C8DCD0071D549 /* Readey-Info.plist */ = {isa = PBXFileReference; lastKnownFileType = text.plist.xml; path = "Readey-Info.plist"; sourceTree = "<group>"; };
		63A2ED2F169C8DCD0071D549 /* en */ = {isa = PBXFileReference; lastKnownFileType = text.plist.strings; name = en; path = en.lproj/InfoPlist.strings; sourceTree = "<group>"; };
		63A2ED31169C8DCD0071D549 /* main.m */ = {isa = PBXFileReference; lastKnownFileType = sourcecode.c.objc; path = main.m; sourceTree = "<group>"; };
		63A2ED33169C8DCD0071D549 /* Readey-Prefix.pch */ = {isa = PBXFileReference; lastKnownFileType = sourcecode.c.h; path = "Readey-Prefix.pch"; sourceTree = "<group>"; };
		63A2ED34169C8DCD0071D549 /* ReadeyAppDelegate.h */ = {isa = PBXFileReference; lastKnownFileType = sourcecode.c.h; path = ReadeyAppDelegate.h; sourceTree = "<group>"; };
		63A2ED35169C8DCD0071D549 /* ReadeyAppDelegate.m */ = {isa = PBXFileReference; lastKnownFileType = sourcecode.c.objc; path = ReadeyAppDelegate.m; sourceTree = "<group>"; };
		63A2ED37169C8DCD0071D549 /* Default.png */ = {isa = PBXFileReference; lastKnownFileType = image.png; path = Default.png; sourceTree = "<group>"; };
		63A2ED39169C8DCE0071D549 /* Default@2x.png */ = {isa = PBXFileReference; lastKnownFileType = image.png; path = "Default@2x.png"; sourceTree = "<group>"; };
		63A2ED3B169C8DCE0071D549 /* Default-568h@2x.png */ = {isa = PBXFileReference; lastKnownFileType = image.png; path = "Default-568h@2x.png"; sourceTree = "<group>"; };
		63A2ED3D169C8DCE0071D549 /* ReadeyViewController.h */ = {isa = PBXFileReference; lastKnownFileType = sourcecode.c.h; path = ReadeyViewController.h; sourceTree = "<group>"; };
		63A2ED3E169C8DCE0071D549 /* ReadeyViewController.m */ = {isa = PBXFileReference; lastKnownFileType = sourcecode.c.objc; path = ReadeyViewController.m; sourceTree = "<group>"; };
		63A2ED41169C8DCE0071D549 /* en */ = {isa = PBXFileReference; lastKnownFileType = file.xib; name = en; path = en.lproj/ReadeyViewController.xib; sourceTree = "<group>"; };
		63A2ED5B169E18480071D549 /* Security.framework */ = {isa = PBXFileReference; lastKnownFileType = wrapper.framework; name = Security.framework; path = System/Library/Frameworks/Security.framework; sourceTree = SDKROOT; };
		63A2ED61169E1B5D0071D549 /* KeychainItemWrapper.h */ = {isa = PBXFileReference; fileEncoding = 4; lastKnownFileType = sourcecode.c.h; path = KeychainItemWrapper.h; sourceTree = "<group>"; };
		63A2ED62169E1B5D0071D549 /* KeychainItemWrapper.m */ = {isa = PBXFileReference; fileEncoding = 4; lastKnownFileType = sourcecode.c.objc; path = KeychainItemWrapper.m; sourceTree = "<group>"; };
		63A2ED64169E1CA00071D549 /* LoginViewController.h */ = {isa = PBXFileReference; fileEncoding = 4; lastKnownFileType = sourcecode.c.h; path = LoginViewController.h; sourceTree = "<group>"; };
		63A2ED65169E1CA00071D549 /* LoginViewController.m */ = {isa = PBXFileReference; fileEncoding = 4; lastKnownFileType = sourcecode.c.objc; path = LoginViewController.m; sourceTree = "<group>"; };
		63A2ED66169E1CA00071D549 /* LoginViewController.xib */ = {isa = PBXFileReference; fileEncoding = 4; lastKnownFileType = file.xib; path = LoginViewController.xib; sourceTree = "<group>"; };
		63A2ED6B169E37380071D549 /* NSObject+SBJson.h */ = {isa = PBXFileReference; fileEncoding = 4; lastKnownFileType = sourcecode.c.h; path = "NSObject+SBJson.h"; sourceTree = "<group>"; };
		63A2ED6C169E37380071D549 /* NSObject+SBJson.m */ = {isa = PBXFileReference; fileEncoding = 4; lastKnownFileType = sourcecode.c.objc; path = "NSObject+SBJson.m"; sourceTree = "<group>"; };
		63A2ED6D169E37380071D549 /* SBJson.h */ = {isa = PBXFileReference; fileEncoding = 4; lastKnownFileType = sourcecode.c.h; path = SBJson.h; sourceTree = "<group>"; };
		63A2ED6E169E37380071D549 /* SBJsonParser.h */ = {isa = PBXFileReference; fileEncoding = 4; lastKnownFileType = sourcecode.c.h; path = SBJsonParser.h; sourceTree = "<group>"; };
		63A2ED6F169E37380071D549 /* SBJsonParser.m */ = {isa = PBXFileReference; fileEncoding = 4; lastKnownFileType = sourcecode.c.objc; path = SBJsonParser.m; sourceTree = "<group>"; };
		63A2ED70169E37380071D549 /* SBJsonStreamParser.h */ = {isa = PBXFileReference; fileEncoding = 4; lastKnownFileType = sourcecode.c.h; path = SBJsonStreamParser.h; sourceTree = "<group>"; };
		63A2ED71169E37380071D549 /* SBJsonStreamParser.m */ = {isa = PBXFileReference; fileEncoding = 4; lastKnownFileType = sourcecode.c.objc; path = SBJsonStreamParser.m; sourceTree = "<group>"; };
		63A2ED72169E37380071D549 /* SBJsonStreamParserAccumulator.h */ = {isa = PBXFileReference; fileEncoding = 4; lastKnownFileType = sourcecode.c.h; path = SBJsonStreamParserAccumulator.h; sourceTree = "<group>"; };
		63A2ED73169E37380071D549 /* SBJsonStreamParserAccumulator.m */ = {isa = PBXFileReference; fileEncoding = 4; lastKnownFileType = sourcecode.c.objc; path = SBJsonStreamParserAccumulator.m; sourceTree = "<group>"; };
		63A2ED74169E37380071D549 /* SBJsonStreamParserAdapter.h */ = {isa = PBXFileReference; fileEncoding = 4; lastKnownFileType = sourcecode.c.h; path = SBJsonStreamParserAdapter.h; sourceTree = "<group>"; };
		63A2ED75169E37380071D549 /* SBJsonStreamParserAdapter.m */ = {isa = PBXFileReference; fileEncoding = 4; lastKnownFileType = sourcecode.c.objc; path = SBJsonStreamParserAdapter.m; sourceTree = "<group>"; };
		63A2ED76169E37380071D549 /* SBJsonStreamParserState.h */ = {isa = PBXFileReference; fileEncoding = 4; lastKnownFileType = sourcecode.c.h; path = SBJsonStreamParserState.h; sourceTree = "<group>"; };
		63A2ED77169E37380071D549 /* SBJsonStreamParserState.m */ = {isa = PBXFileReference; fileEncoding = 4; lastKnownFileType = sourcecode.c.objc; path = SBJsonStreamParserState.m; sourceTree = "<group>"; };
		63A2ED78169E37380071D549 /* SBJsonStreamWriter.h */ = {isa = PBXFileReference; fileEncoding = 4; lastKnownFileType = sourcecode.c.h; path = SBJsonStreamWriter.h; sourceTree = "<group>"; };
		63A2ED79169E37380071D549 /* SBJsonStreamWriter.m */ = {isa = PBXFileReference; fileEncoding = 4; lastKnownFileType = sourcecode.c.objc; path = SBJsonStreamWriter.m; sourceTree = "<group>"; };
		63A2ED7A169E37380071D549 /* SBJsonStreamWriterAccumulator.h */ = {isa = PBXFileReference; fileEncoding = 4; lastKnownFileType = sourcecode.c.h; path = SBJsonStreamWriterAccumulator.h; sourceTree = "<group>"; };
		63A2ED7B169E37380071D549 /* SBJsonStreamWriterAccumulator.m */ = {isa = PBXFileReference; fileEncoding = 4; lastKnownFileType = sourcecode.c.objc; path = SBJsonStreamWriterAccumulator.m; sourceTree = "<group>"; };
		63A2ED7C169E37380071D549 /* SBJsonStreamWriterState.h */ = {isa = PBXFileReference; fileEncoding = 4; lastKnownFileType = sourcecode.c.h; path = SBJsonStreamWriterState.h; sourceTree = "<group>"; };
		63A2ED7D169E37380071D549 /* SBJsonStreamWriterState.m */ = {isa = PBXFileReference; fileEncoding = 4; lastKnownFileType = sourcecode.c.objc; path = SBJsonStreamWriterState.m; sourceTree = "<group>"; };
		63A2ED7E169E37380071D549 /* SBJsonTokeniser.h */ = {isa = PBXFileReference; fileEncoding = 4; lastKnownFileType = sourcecode.c.h; path = SBJsonTokeniser.h; sourceTree = "<group>"; };
		63A2ED7F169E37380071D549 /* SBJsonTokeniser.m */ = {isa = PBXFileReference; fileEncoding = 4; lastKnownFileType = sourcecode.c.objc; path = SBJsonTokeniser.m; sourceTree = "<group>"; };
		63A2ED80169E37380071D549 /* SBJsonUTF8Stream.h */ = {isa = PBXFileReference; fileEncoding = 4; lastKnownFileType = sourcecode.c.h; path = SBJsonUTF8Stream.h; sourceTree = "<group>"; };
		63A2ED81169E37380071D549 /* SBJsonUTF8Stream.m */ = {isa = PBXFileReference; fileEncoding = 4; lastKnownFileType = sourcecode.c.objc; path = SBJsonUTF8Stream.m; sourceTree = "<group>"; };
		63A2ED82169E37380071D549 /* SBJsonWriter.h */ = {isa = PBXFileReference; fileEncoding = 4; lastKnownFileType = sourcecode.c.h; path = SBJsonWriter.h; sourceTree = "<group>"; };
		63A2ED83169E37380071D549 /* SBJsonWriter.m */ = {isa = PBXFileReference; fileEncoding = 4; lastKnownFileType = sourcecode.c.objc; path = SBJsonWriter.m; sourceTree = "<group>"; };
		63A2ED84169E37380071D549 /* UGActivity.h */ = {isa = PBXFileReference; fileEncoding = 4; lastKnownFileType = sourcecode.c.h; path = UGActivity.h; sourceTree = "<group>"; };
		63A2ED85169E37380071D549 /* UGActivity.m */ = {isa = PBXFileReference; fileEncoding = 4; lastKnownFileType = sourcecode.c.objc; path = UGActivity.m; sourceTree = "<group>"; };
		63A2ED86169E37380071D549 /* UGClient.h */ = {isa = PBXFileReference; fileEncoding = 4; lastKnownFileType = sourcecode.c.h; path = UGClient.h; sourceTree = "<group>"; };
		63A2ED87169E37380071D549 /* UGClient.m */ = {isa = PBXFileReference; fileEncoding = 4; lastKnownFileType = sourcecode.c.objc; path = UGClient.m; sourceTree = "<group>"; };
		63A2ED88169E37380071D549 /* UGClientResponse.h */ = {isa = PBXFileReference; fileEncoding = 4; lastKnownFileType = sourcecode.c.h; path = UGClientResponse.h; sourceTree = "<group>"; };
		63A2ED89169E37380071D549 /* UGClientResponse.m */ = {isa = PBXFileReference; fileEncoding = 4; lastKnownFileType = sourcecode.c.objc; path = UGClientResponse.m; sourceTree = "<group>"; };
		63A2ED8A169E37380071D549 /* UGHTTPManager.h */ = {isa = PBXFileReference; fileEncoding = 4; lastKnownFileType = sourcecode.c.h; path = UGHTTPManager.h; sourceTree = "<group>"; };
		63A2ED8B169E37380071D549 /* UGHTTPManager.m */ = {isa = PBXFileReference; fileEncoding = 4; lastKnownFileType = sourcecode.c.objc; path = UGHTTPManager.m; sourceTree = "<group>"; };
		63A2ED8C169E37380071D549 /* UGMultiStepAction.h */ = {isa = PBXFileReference; fileEncoding = 4; lastKnownFileType = sourcecode.c.h; path = UGMultiStepAction.h; sourceTree = "<group>"; };
		63A2ED8D169E37380071D549 /* UGMultiStepAction.m */ = {isa = PBXFileReference; fileEncoding = 4; lastKnownFileType = sourcecode.c.objc; path = UGMultiStepAction.m; sourceTree = "<group>"; };
		63A2ED8E169E37380071D549 /* UGQuery.h */ = {isa = PBXFileReference; fileEncoding = 4; lastKnownFileType = sourcecode.c.h; path = UGQuery.h; sourceTree = "<group>"; };
		63A2ED8F169E37380071D549 /* UGQuery.m */ = {isa = PBXFileReference; fileEncoding = 4; lastKnownFileType = sourcecode.c.objc; path = UGQuery.m; sourceTree = "<group>"; };
		63A2ED90169E37380071D549 /* UGUser.h */ = {isa = PBXFileReference; fileEncoding = 4; lastKnownFileType = sourcecode.c.h; path = UGUser.h; sourceTree = "<group>"; };
		63A2ED91169E37380071D549 /* UGUser.m */ = {isa = PBXFileReference; fileEncoding = 4; lastKnownFileType = sourcecode.c.objc; path = UGUser.m; sourceTree = "<group>"; };
		63A2EDAD169E98530071D549 /* Client.h */ = {isa = PBXFileReference; fileEncoding = 4; lastKnownFileType = sourcecode.c.h; path = Client.h; sourceTree = "<group>"; };
		63A2EDAE169E98530071D549 /* Client.m */ = {isa = PBXFileReference; fileEncoding = 4; lastKnownFileType = sourcecode.c.objc; path = Client.m; sourceTree = "<group>"; };
		63A2EDB616A098940071D549 /* FoldersViewController.h */ = {isa = PBXFileReference; fileEncoding = 4; lastKnownFileType = sourcecode.c.h; path = FoldersViewController.h; sourceTree = "<group>"; };
		63A2EDB716A098940071D549 /* FoldersViewController.m */ = {isa = PBXFileReference; fileEncoding = 4; lastKnownFileType = sourcecode.c.objc; path = FoldersViewController.m; sourceTree = "<group>"; };
		63A2EDB916A0AFC50071D549 /* ArticleListViewController.h */ = {isa = PBXFileReference; fileEncoding = 4; lastKnownFileType = sourcecode.c.h; path = ArticleListViewController.h; sourceTree = "<group>"; };
		63A2EDBA16A0AFC50071D549 /* ArticleListViewController.m */ = {isa = PBXFileReference; fileEncoding = 4; lastKnownFileType = sourcecode.c.objc; path = ArticleListViewController.m; sourceTree = "<group>"; };
		63A2EDBD16A529800071D549 /* settings@2x.png */ = {isa = PBXFileReference; lastKnownFileType = image.png; path = "settings@2x.png"; sourceTree = "<group>"; };
		63A2EDBF16A529950071D549 /* settings.png */ = {isa = PBXFileReference; lastKnownFileType = image.png; path = settings.png; sourceTree = "<group>"; };
		63D8102A16C9ABDF00E43E92 /* NSString_stripHtml.h */ = {isa = PBXFileReference; fileEncoding = 4; lastKnownFileType = sourcecode.c.h; path = NSString_stripHtml.h; sourceTree = "<group>"; };
		63D8102B16C9ABE000E43E92 /* NSString_stripHtml.m */ = {isa = PBXFileReference; fileEncoding = 4; lastKnownFileType = sourcecode.c.objc; path = NSString_stripHtml.m; sourceTree = "<group>"; };
		63D8103716CA8FAA00E43E92 /* MBProgressHUD.h */ = {isa = PBXFileReference; lastKnownFileType = sourcecode.c.h; path = MBProgressHUD.h; sourceTree = "<group>"; };
		63D8103816CA8FAA00E43E92 /* MBProgressHUD.m */ = {isa = PBXFileReference; lastKnownFileType = sourcecode.c.objc; path = MBProgressHUD.m; sourceTree = "<group>"; };
		63F1FD4F16A7212100637B23 /* PickerViewController.h */ = {isa = PBXFileReference; fileEncoding = 4; lastKnownFileType = sourcecode.c.h; path = PickerViewController.h; sourceTree = "<group>"; };
		63F1FD5016A7212100637B23 /* PickerViewController.m */ = {isa = PBXFileReference; fileEncoding = 4; lastKnownFileType = sourcecode.c.objc; path = PickerViewController.m; sourceTree = "<group>"; };
		63F1FD5116A7212100637B23 /* PickerViewController.xib */ = {isa = PBXFileReference; fileEncoding = 4; lastKnownFileType = file.xib; path = PickerViewController.xib; sourceTree = "<group>"; };
		63F1FD6516A73D6300637B23 /* SettingViewController.h */ = {isa = PBXFileReference; fileEncoding = 4; lastKnownFileType = sourcecode.c.h; path = SettingViewController.h; sourceTree = "<group>"; };
		63F1FD6616A73D6300637B23 /* SettingViewController.m */ = {isa = PBXFileReference; fileEncoding = 4; lastKnownFileType = sourcecode.c.objc; path = SettingViewController.m; sourceTree = "<group>"; };
		E4A69E5F16B79D51001B1157 /* QuartzCore.framework */ = {isa = PBXFileReference; lastKnownFileType = wrapper.framework; name = QuartzCore.framework; path = System/Library/Frameworks/QuartzCore.framework; sourceTree = SDKROOT; };
		E4ED330116B7B0FA00C21480 /* DropboxViewController.h */ = {isa = PBXFileReference; fileEncoding = 4; lastKnownFileType = sourcecode.c.h; path = DropboxViewController.h; sourceTree = "<group>"; };
		E4ED330216B7B0FA00C21480 /* DropboxViewController.m */ = {isa = PBXFileReference; fileEncoding = 4; lastKnownFileType = sourcecode.c.objc; path = DropboxViewController.m; sourceTree = "<group>"; };
/* End PBXFileReference section */

/* Begin PBXFrameworksBuildPhase section */
		63A2ED1E169C8DCD0071D549 /* Frameworks */ = {
			isa = PBXFrameworksBuildPhase;
			buildActionMask = 2147483647;
			files = (
				E4A69E6016B79D51001B1157 /* QuartzCore.framework in Frameworks */,
				63A2ED5C169E18480071D549 /* Security.framework in Frameworks */,
				63A2ED26169C8DCD0071D549 /* UIKit.framework in Frameworks */,
				63A2ED28169C8DCD0071D549 /* Foundation.framework in Frameworks */,
				63A2ED2A169C8DCD0071D549 /* CoreGraphics.framework in Frameworks */,
				633309EA16C22193002A88FE /* DropboxSDK.framework in Frameworks */,
			);
			runOnlyForDeploymentPostprocessing = 0;
		};
/* End PBXFrameworksBuildPhase section */

/* Begin PBXGroup section */
		633309EB16C22299002A88FE /* buttons */ = {
			isa = PBXGroup;
			children = (
				633309EC16C22299002A88FE /* blackButton.png */,
				633309ED16C22299002A88FE /* blackButton@2x.png */,
				633309EE16C22299002A88FE /* blackButtonHighlight.png */,
				633309EF16C22299002A88FE /* blackButtonHighlight@2x.png */,
				633309F016C22299002A88FE /* blueButton.png */,
				633309F116C22299002A88FE /* blueButton@2x.png */,
				633309F216C22299002A88FE /* blueButtonHighlight.png */,
				633309F316C22299002A88FE /* blueButtonHighlight@2x.png */,
				633309F416C22299002A88FE /* greenButton.png */,
				633309F516C22299002A88FE /* greenButton@2x.png */,
				633309F616C22299002A88FE /* greenButtonHighlight.png */,
				633309F716C22299002A88FE /* greenButtonHighlight@2x.png */,
				633309F816C22299002A88FE /* greyButton.png */,
				633309F916C22299002A88FE /* greyButton@2x.png */,
				633309FA16C22299002A88FE /* greyButtonHighlight.png */,
				633309FB16C22299002A88FE /* greyButtonHighlight@2x.png */,
				633309FC16C22299002A88FE /* orangeButton.png */,
				633309FD16C22299002A88FE /* orangeButton@2x.png */,
				633309FE16C22299002A88FE /* orangeButtonHighlight.png */,
				633309FF16C22299002A88FE /* orangeButtonHighlight@2x.png */,
				63330A0016C22299002A88FE /* tanButton.png */,
				63330A0116C22299002A88FE /* tanButton@2x.png */,
				63330A0216C22299002A88FE /* tanButtonHighlight.png */,
				63330A0316C22299002A88FE /* tanButtonHighlight@2x.png */,
				63330A0416C22299002A88FE /* whiteButton.png */,
				63330A0516C22299002A88FE /* whiteButton@2x.png */,
				63330A0616C22299002A88FE /* whiteButtonHighlight.png */,
				63330A0716C22299002A88FE /* whiteButtonHighlight@2x.png */,
			);
			path = buttons;
			sourceTree = "<group>";
		};
		63A2ED16169C8DCD0071D549 = {
			isa = PBXGroup;
			children = (
				63A2ED69169E37370071D549 /* UGAPI */,
				63A2ED2B169C8DCD0071D549 /* Readey */,
				63A2ED2C169C8DCD0071D549 /* Supporting Files */,
				63A2ED24169C8DCD0071D549 /* Frameworks */,
				63A2ED22169C8DCD0071D549 /* Products */,
			);
			sourceTree = "<group>";
		};
		63A2ED22169C8DCD0071D549 /* Products */ = {
			isa = PBXGroup;
			children = (
				63A2ED21169C8DCD0071D549 /* Readey.app */,
			);
			name = Products;
			sourceTree = "<group>";
		};
		63A2ED24169C8DCD0071D549 /* Frameworks */ = {
			isa = PBXGroup;
			children = (
				633309E916C22193002A88FE /* DropboxSDK.framework */,
				E4A69E5F16B79D51001B1157 /* QuartzCore.framework */,
				63A2ED5B169E18480071D549 /* Security.framework */,
				63A2ED25169C8DCD0071D549 /* UIKit.framework */,
				63A2ED27169C8DCD0071D549 /* Foundation.framework */,
				63A2ED29169C8DCD0071D549 /* CoreGraphics.framework */,
			);
			name = Frameworks;
			sourceTree = "<group>";
		};
		63A2ED2B169C8DCD0071D549 /* Readey */ = {
			isa = PBXGroup;
			children = (
				63A2ED34169C8DCD0071D549 /* ReadeyAppDelegate.h */,
				63A2ED35169C8DCD0071D549 /* ReadeyAppDelegate.m */,
				63D8103116CA8D6F00E43E92 /* Clients */,
				63D8103316CA8DAE00E43E92 /* Tables */,
				63D8103216CA8DA700E43E92 /* Views */,
				63D8103416CA8DBC00E43E92 /* Vendor */,
				633309EB16C22299002A88FE /* buttons */,
				63A2EDBC16A529610071D549 /* icons */,
				63D8103616CA8E4E00E43E92 /* CustomCells */,
			);
			path = Readey;
			sourceTree = "<group>";
		};
		63A2ED2C169C8DCD0071D549 /* Supporting Files */ = {
			isa = PBXGroup;
			children = (
				63A2ED2D169C8DCD0071D549 /* Readey-Info.plist */,
				63A2ED2E169C8DCD0071D549 /* InfoPlist.strings */,
				63A2ED31169C8DCD0071D549 /* main.m */,
				63A2ED33169C8DCD0071D549 /* Readey-Prefix.pch */,
				63A2ED37169C8DCD0071D549 /* Default.png */,
				63A2ED39169C8DCE0071D549 /* Default@2x.png */,
				63A2ED3B169C8DCE0071D549 /* Default-568h@2x.png */,
			);
			name = "Supporting Files";
			path = Readey;
			sourceTree = "<group>";
		};
		63A2ED69169E37370071D549 /* UGAPI */ = {
			isa = PBXGroup;
			children = (
				63A2ED6A169E37370071D549 /* SBJson */,
				63A2ED84169E37380071D549 /* UGActivity.h */,
				63A2ED85169E37380071D549 /* UGActivity.m */,
				63A2ED86169E37380071D549 /* UGClient.h */,
				63A2ED87169E37380071D549 /* UGClient.m */,
				63A2ED88169E37380071D549 /* UGClientResponse.h */,
				63A2ED89169E37380071D549 /* UGClientResponse.m */,
				63A2ED8A169E37380071D549 /* UGHTTPManager.h */,
				63A2ED8B169E37380071D549 /* UGHTTPManager.m */,
				63A2ED8C169E37380071D549 /* UGMultiStepAction.h */,
				63A2ED8D169E37380071D549 /* UGMultiStepAction.m */,
				63A2ED8E169E37380071D549 /* UGQuery.h */,
				63A2ED8F169E37380071D549 /* UGQuery.m */,
				63A2ED90169E37380071D549 /* UGUser.h */,
				63A2ED91169E37380071D549 /* UGUser.m */,
			);
			path = UGAPI;
			sourceTree = "<group>";
		};
		63A2ED6A169E37370071D549 /* SBJson */ = {
			isa = PBXGroup;
			children = (
				63A2ED6B169E37380071D549 /* NSObject+SBJson.h */,
				63A2ED6C169E37380071D549 /* NSObject+SBJson.m */,
				63A2ED6D169E37380071D549 /* SBJson.h */,
				63A2ED6E169E37380071D549 /* SBJsonParser.h */,
				63A2ED6F169E37380071D549 /* SBJsonParser.m */,
				63A2ED70169E37380071D549 /* SBJsonStreamParser.h */,
				63A2ED71169E37380071D549 /* SBJsonStreamParser.m */,
				63A2ED72169E37380071D549 /* SBJsonStreamParserAccumulator.h */,
				63A2ED73169E37380071D549 /* SBJsonStreamParserAccumulator.m */,
				63A2ED74169E37380071D549 /* SBJsonStreamParserAdapter.h */,
				63A2ED75169E37380071D549 /* SBJsonStreamParserAdapter.m */,
				63A2ED76169E37380071D549 /* SBJsonStreamParserState.h */,
				63A2ED77169E37380071D549 /* SBJsonStreamParserState.m */,
				63A2ED78169E37380071D549 /* SBJsonStreamWriter.h */,
				63A2ED79169E37380071D549 /* SBJsonStreamWriter.m */,
				63A2ED7A169E37380071D549 /* SBJsonStreamWriterAccumulator.h */,
				63A2ED7B169E37380071D549 /* SBJsonStreamWriterAccumulator.m */,
				63A2ED7C169E37380071D549 /* SBJsonStreamWriterState.h */,
				63A2ED7D169E37380071D549 /* SBJsonStreamWriterState.m */,
				63A2ED7E169E37380071D549 /* SBJsonTokeniser.h */,
				63A2ED7F169E37380071D549 /* SBJsonTokeniser.m */,
				63A2ED80169E37380071D549 /* SBJsonUTF8Stream.h */,
				63A2ED81169E37380071D549 /* SBJsonUTF8Stream.m */,
				63A2ED82169E37380071D549 /* SBJsonWriter.h */,
				63A2ED83169E37380071D549 /* SBJsonWriter.m */,
			);
			path = SBJson;
			sourceTree = "<group>";
		};
		63A2EDBC16A529610071D549 /* icons */ = {
			isa = PBXGroup;
			children = (
				63A2EDBF16A529950071D549 /* settings.png */,
				63A2EDBD16A529800071D549 /* settings@2x.png */,
			);
			name = icons;
			sourceTree = "<group>";
		};
		63D8103116CA8D6F00E43E92 /* Clients */ = {
			isa = PBXGroup;
			children = (
				63A2EDAD169E98530071D549 /* Client.h */,
				63A2EDAE169E98530071D549 /* Client.m */,
				633309D316C0CCC3002A88FE /* GoogleReaderClient.h */,
				633309D416C0CCC3002A88FE /* GoogleReaderClient.m */,
			);
			name = Clients;
			sourceTree = "<group>";
		};
		63D8103216CA8DA700E43E92 /* Views */ = {
			isa = PBXGroup;
			children = (
				63A2ED3D169C8DCE0071D549 /* ReadeyViewController.h */,
				63A2ED3E169C8DCE0071D549 /* ReadeyViewController.m */,
				63A2ED40169C8DCE0071D549 /* ReadeyViewController.xib */,
				63A2ED64169E1CA00071D549 /* LoginViewController.h */,
				63A2ED65169E1CA00071D549 /* LoginViewController.m */,
				63A2ED66169E1CA00071D549 /* LoginViewController.xib */,
				633309DF16C18CD9002A88FE /* GoogleReaderLoginViewController.h */,
				633309E016C18CD9002A88FE /* GoogleReaderLoginViewController.m */,
				633309E116C18CD9002A88FE /* GoogleReaderLoginViewController.xib */,
				638BA0EE16BB363F0005529C /* ArticleAddViewController.h */,
				638BA0EF16BB363F0005529C /* ArticleAddViewController.m */,
				638BA0F016BB363F0005529C /* ArticleAddViewController.xib */,
				633309E416C1D2E0002A88FE /* FeedbackViewController.h */,
				633309E516C1D2E1002A88FE /* FeedbackViewController.m */,
				633309E616C1D2E1002A88FE /* FeedbackViewController.xib */,
				63F1FD4F16A7212100637B23 /* PickerViewController.h */,
				63F1FD5016A7212100637B23 /* PickerViewController.m */,
				63F1FD5116A7212100637B23 /* PickerViewController.xib */,
				63330A2D16C5BC38002A88FE /* WebViewController.h */,
				63330A2E16C5BC38002A88FE /* WebViewController.m */,
			);
			name = Views;
			sourceTree = "<group>";
		};
		63D8103316CA8DAE00E43E92 /* Tables */ = {
			isa = PBXGroup;
			children = (
				63A2EDB616A098940071D549 /* FoldersViewController.h */,
				63A2EDB716A098940071D549 /* FoldersViewController.m */,
				63A2EDB916A0AFC50071D549 /* ArticleListViewController.h */,
				63A2EDBA16A0AFC50071D549 /* ArticleListViewController.m */,
				E4ED330116B7B0FA00C21480 /* DropboxViewController.h */,
				E4ED330216B7B0FA00C21480 /* DropboxViewController.m */,
				638BA12416BE3EAB0005529C /* GoogleReaderViewController.h */,
				638BA12516BE3EAB0005529C /* GoogleReaderViewController.m */,
				633309D716C17F68002A88FE /* GoogleReaderFeedViewController.h */,
				633309D816C17F68002A88FE /* GoogleReaderFeedViewController.m */,
				63F1FD6516A73D6300637B23 /* SettingViewController.h */,
				63F1FD6616A73D6300637B23 /* SettingViewController.m */,
			);
			name = Tables;
			sourceTree = "<group>";
		};
		63D8103416CA8DBC00E43E92 /* Vendor */ = {
			isa = PBXGroup;
			children = (
				63D8103516CA8DC200E43E92 /* Wrappers */,
				63D8103716CA8FAA00E43E92 /* MBProgressHUD.h */,
				63D8103816CA8FAA00E43E92 /* MBProgressHUD.m */,
				63D8102A16C9ABDF00E43E92 /* NSString_stripHtml.h */,
				63D8102B16C9ABE000E43E92 /* NSString_stripHtml.m */,
			);
			name = Vendor;
			sourceTree = "<group>";
		};
		63D8103516CA8DC200E43E92 /* Wrappers */ = {
			isa = PBXGroup;
			children = (
				63A2ED61169E1B5D0071D549 /* KeychainItemWrapper.h */,
				63A2ED62169E1B5D0071D549 /* KeychainItemWrapper.m */,
			);
			name = Wrappers;
			sourceTree = "<group>";
		};
		63D8103616CA8E4E00E43E92 /* CustomCells */ = {
			isa = PBXGroup;
			children = (
				63330A2416C445C9002A88FE /* ReadeyArticleCell.h */,
				63330A2516C445C9002A88FE /* ReadeyArticleCell.m */,
				63330A2716C446E6002A88FE /* ReadeyArticleCell.xib */,
			);
			name = CustomCells;
			sourceTree = "<group>";
		};
/* End PBXGroup section */

/* Begin PBXNativeTarget section */
		63A2ED20169C8DCD0071D549 /* Readey */ = {
			isa = PBXNativeTarget;
			buildConfigurationList = 63A2ED45169C8DCE0071D549 /* Build configuration list for PBXNativeTarget "Readey" */;
			buildPhases = (
				63A2ED1D169C8DCD0071D549 /* Sources */,
				63A2ED1E169C8DCD0071D549 /* Frameworks */,
				63A2ED1F169C8DCD0071D549 /* Resources */,
			);
			buildRules = (
			);
			dependencies = (
			);
			name = Readey;
			productName = Readey;
			productReference = 63A2ED21169C8DCD0071D549 /* Readey.app */;
			productType = "com.apple.product-type.application";
		};
/* End PBXNativeTarget section */

/* Begin PBXProject section */
		63A2ED18169C8DCD0071D549 /* Project object */ = {
			isa = PBXProject;
			attributes = {
				CLASSPREFIX = Readey;
				LastUpgradeCheck = 0450;
				ORGANIZATIONNAME = RealSimpleApps;
			};
			buildConfigurationList = 63A2ED1B169C8DCD0071D549 /* Build configuration list for PBXProject "Readey" */;
			compatibilityVersion = "Xcode 3.2";
			developmentRegion = English;
			hasScannedForEncodings = 0;
			knownRegions = (
				en,
			);
			mainGroup = 63A2ED16169C8DCD0071D549;
			productRefGroup = 63A2ED22169C8DCD0071D549 /* Products */;
			projectDirPath = "";
			projectRoot = "";
			targets = (
				63A2ED20169C8DCD0071D549 /* Readey */,
			);
		};
/* End PBXProject section */

/* Begin PBXResourcesBuildPhase section */
		63A2ED1F169C8DCD0071D549 /* Resources */ = {
			isa = PBXResourcesBuildPhase;
			buildActionMask = 2147483647;
			files = (
				63A2ED30169C8DCD0071D549 /* InfoPlist.strings in Resources */,
				63A2ED38169C8DCD0071D549 /* Default.png in Resources */,
				63A2ED3A169C8DCE0071D549 /* Default@2x.png in Resources */,
				63A2ED3C169C8DCE0071D549 /* Default-568h@2x.png in Resources */,
				63A2ED42169C8DCE0071D549 /* ReadeyViewController.xib in Resources */,
				63A2ED68169E1CA00071D549 /* LoginViewController.xib in Resources */,
				63A2EDBE16A529800071D549 /* settings@2x.png in Resources */,
				63A2EDC016A529950071D549 /* settings.png in Resources */,
				63F1FD5316A7212100637B23 /* PickerViewController.xib in Resources */,
				638BA0F216BB363F0005529C /* ArticleAddViewController.xib in Resources */,
				633309E316C18CDA002A88FE /* GoogleReaderLoginViewController.xib in Resources */,
				633309E816C1D2E2002A88FE /* FeedbackViewController.xib in Resources */,
				63330A0816C22299002A88FE /* blackButton.png in Resources */,
				63330A0916C22299002A88FE /* blackButton@2x.png in Resources */,
				63330A0A16C22299002A88FE /* blackButtonHighlight.png in Resources */,
				63330A0B16C22299002A88FE /* blackButtonHighlight@2x.png in Resources */,
				63330A0C16C22299002A88FE /* blueButton.png in Resources */,
				63330A0D16C22299002A88FE /* blueButton@2x.png in Resources */,
				63330A0E16C22299002A88FE /* blueButtonHighlight.png in Resources */,
				63330A0F16C22299002A88FE /* blueButtonHighlight@2x.png in Resources */,
				63330A1016C22299002A88FE /* greenButton.png in Resources */,
				63330A1116C22299002A88FE /* greenButton@2x.png in Resources */,
				63330A1216C22299002A88FE /* greenButtonHighlight.png in Resources */,
				63330A1316C22299002A88FE /* greenButtonHighlight@2x.png in Resources */,
				63330A1416C22299002A88FE /* greyButton.png in Resources */,
				63330A1516C22299002A88FE /* greyButton@2x.png in Resources */,
				63330A1616C22299002A88FE /* greyButtonHighlight.png in Resources */,
				63330A1716C22299002A88FE /* greyButtonHighlight@2x.png in Resources */,
				63330A1816C22299002A88FE /* orangeButton.png in Resources */,
				63330A1916C22299002A88FE /* orangeButton@2x.png in Resources */,
				63330A1A16C22299002A88FE /* orangeButtonHighlight.png in Resources */,
				63330A1B16C22299002A88FE /* orangeButtonHighlight@2x.png in Resources */,
				63330A1C16C22299002A88FE /* tanButton.png in Resources */,
				63330A1D16C22299002A88FE /* tanButton@2x.png in Resources */,
				63330A1E16C22299002A88FE /* tanButtonHighlight.png in Resources */,
				63330A1F16C22299002A88FE /* tanButtonHighlight@2x.png in Resources */,
				63330A2016C22299002A88FE /* whiteButton.png in Resources */,
				63330A2116C22299002A88FE /* whiteButton@2x.png in Resources */,
				63330A2216C22299002A88FE /* whiteButtonHighlight.png in Resources */,
				63330A2316C22299002A88FE /* whiteButtonHighlight@2x.png in Resources */,
				63330A2816C446E6002A88FE /* ReadeyArticleCell.xib in Resources */,
			);
			runOnlyForDeploymentPostprocessing = 0;
		};
/* End PBXResourcesBuildPhase section */

/* Begin PBXSourcesBuildPhase section */
		63A2ED1D169C8DCD0071D549 /* Sources */ = {
			isa = PBXSourcesBuildPhase;
			buildActionMask = 2147483647;
			files = (
				63A2ED32169C8DCD0071D549 /* main.m in Sources */,
				63A2ED36169C8DCD0071D549 /* ReadeyAppDelegate.m in Sources */,
				63A2ED3F169C8DCE0071D549 /* ReadeyViewController.m in Sources */,
				63A2ED63169E1B5D0071D549 /* KeychainItemWrapper.m in Sources */,
				63A2ED67169E1CA00071D549 /* LoginViewController.m in Sources */,
				63A2ED92169E37380071D549 /* NSObject+SBJson.m in Sources */,
				63A2ED93169E37380071D549 /* SBJsonParser.m in Sources */,
				63A2ED94169E37380071D549 /* SBJsonStreamParser.m in Sources */,
				63A2ED95169E37380071D549 /* SBJsonStreamParserAccumulator.m in Sources */,
				63A2ED96169E37380071D549 /* SBJsonStreamParserAdapter.m in Sources */,
				63A2ED97169E37380071D549 /* SBJsonStreamParserState.m in Sources */,
				63A2ED98169E37380071D549 /* SBJsonStreamWriter.m in Sources */,
				63A2ED99169E37380071D549 /* SBJsonStreamWriterAccumulator.m in Sources */,
				63A2ED9A169E37380071D549 /* SBJsonStreamWriterState.m in Sources */,
				63A2ED9B169E37380071D549 /* SBJsonTokeniser.m in Sources */,
				63A2ED9C169E37380071D549 /* SBJsonUTF8Stream.m in Sources */,
				63A2ED9D169E37380071D549 /* SBJsonWriter.m in Sources */,
				63A2ED9E169E37380071D549 /* UGActivity.m in Sources */,
				63A2ED9F169E37380071D549 /* UGClient.m in Sources */,
				63A2EDA0169E37380071D549 /* UGClientResponse.m in Sources */,
				63A2EDA1169E37380071D549 /* UGHTTPManager.m in Sources */,
				63A2EDA2169E37380071D549 /* UGMultiStepAction.m in Sources */,
				63A2EDA3169E37380071D549 /* UGQuery.m in Sources */,
				63A2EDA4169E37380071D549 /* UGUser.m in Sources */,
				63A2EDAF169E98540071D549 /* Client.m in Sources */,
				63A2EDB816A098950071D549 /* FoldersViewController.m in Sources */,
				63A2EDBB16A0AFC50071D549 /* ArticleListViewController.m in Sources */,
				63F1FD5216A7212100637B23 /* PickerViewController.m in Sources */,
				63F1FD6716A73D6400637B23 /* SettingViewController.m in Sources */,
				E4ED330316B7B0FA00C21480 /* DropboxViewController.m in Sources */,
				638BA0F116BB363F0005529C /* ArticleAddViewController.m in Sources */,
				638BA12616BE3EAC0005529C /* GoogleReaderViewController.m in Sources */,
				633309D516C0CCC3002A88FE /* GoogleReaderClient.m in Sources */,
				633309D916C17F68002A88FE /* GoogleReaderFeedViewController.m in Sources */,
				633309E216C18CDA002A88FE /* GoogleReaderLoginViewController.m in Sources */,
				633309E716C1D2E2002A88FE /* FeedbackViewController.m in Sources */,
				63330A2616C445CA002A88FE /* ReadeyArticleCell.m in Sources */,
				63330A2F16C5BC39002A88FE /* WebViewController.m in Sources */,
				63D8102C16C9ABE000E43E92 /* NSString_stripHtml.m in Sources */,
			);
			runOnlyForDeploymentPostprocessing = 0;
		};
/* End PBXSourcesBuildPhase section */

/* Begin PBXVariantGroup section */
		63A2ED2E169C8DCD0071D549 /* InfoPlist.strings */ = {
			isa = PBXVariantGroup;
			children = (
				63A2ED2F169C8DCD0071D549 /* en */,
			);
			name = InfoPlist.strings;
			sourceTree = "<group>";
		};
		63A2ED40169C8DCE0071D549 /* ReadeyViewController.xib */ = {
			isa = PBXVariantGroup;
			children = (
				63A2ED41169C8DCE0071D549 /* en */,
			);
			name = ReadeyViewController.xib;
			sourceTree = "<group>";
		};
/* End PBXVariantGroup section */

/* Begin XCBuildConfiguration section */
		63A2ED43169C8DCE0071D549 /* Debug */ = {
			isa = XCBuildConfiguration;
			buildSettings = {
				ALWAYS_SEARCH_USER_PATHS = NO;
				CLANG_CXX_LANGUAGE_STANDARD = "gnu++0x";
				CLANG_CXX_LIBRARY = "libc++";
				CLANG_ENABLE_OBJC_ARC = YES;
				CLANG_WARN_EMPTY_BODY = YES;
				CLANG_WARN__DUPLICATE_METHOD_MATCH = YES;
				"CODE_SIGN_IDENTITY[sdk=iphoneos*]" = "iPhone Developer";
				COPY_PHASE_STRIP = NO;
				GCC_C_LANGUAGE_STANDARD = gnu99;
				GCC_DYNAMIC_NO_PIC = NO;
				GCC_OPTIMIZATION_LEVEL = 0;
				GCC_PREPROCESSOR_DEFINITIONS = (
					"DEBUG=1",
					"$(inherited)",
				);
				GCC_SYMBOLS_PRIVATE_EXTERN = NO;
				GCC_WARN_ABOUT_RETURN_TYPE = YES;
				GCC_WARN_UNINITIALIZED_AUTOS = YES;
				GCC_WARN_UNUSED_VARIABLE = YES;
				IPHONEOS_DEPLOYMENT_TARGET = 6.0;
				ONLY_ACTIVE_ARCH = YES;
				SDKROOT = iphoneos;
			};
			name = Debug;
		};
		63A2ED44169C8DCE0071D549 /* Release */ = {
			isa = XCBuildConfiguration;
			buildSettings = {
				ALWAYS_SEARCH_USER_PATHS = NO;
				CLANG_CXX_LANGUAGE_STANDARD = "gnu++0x";
				CLANG_CXX_LIBRARY = "libc++";
				CLANG_ENABLE_OBJC_ARC = YES;
				CLANG_WARN_EMPTY_BODY = YES;
				CLANG_WARN__DUPLICATE_METHOD_MATCH = YES;
				"CODE_SIGN_IDENTITY[sdk=iphoneos*]" = "iPhone Developer";
				COPY_PHASE_STRIP = YES;
				GCC_C_LANGUAGE_STANDARD = gnu99;
				GCC_WARN_ABOUT_RETURN_TYPE = YES;
				GCC_WARN_UNINITIALIZED_AUTOS = YES;
				GCC_WARN_UNUSED_VARIABLE = YES;
				IPHONEOS_DEPLOYMENT_TARGET = 6.0;
				OTHER_CFLAGS = "-DNS_BLOCK_ASSERTIONS=1";
				SDKROOT = iphoneos;
				VALIDATE_PRODUCT = YES;
			};
			name = Release;
		};
		63A2ED46169C8DCE0071D549 /* Debug */ = {
			isa = XCBuildConfiguration;
			buildSettings = {
				FRAMEWORK_SEARCH_PATHS = (
					"$(inherited)",
					"\"$(SRCROOT)\"",
				);
				GCC_PRECOMPILE_PREFIX_HEADER = YES;
				GCC_PREFIX_HEADER = "Readey/Readey-Prefix.pch";
				INFOPLIST_FILE = "Readey/Readey-Info.plist";
				IPHONEOS_DEPLOYMENT_TARGET = 6.0;
				PRODUCT_NAME = "$(TARGET_NAME)";
				TARGETED_DEVICE_FAMILY = "1,2";
				WRAPPER_EXTENSION = app;
			};
			name = Debug;
		};
		63A2ED47169C8DCE0071D549 /* Release */ = {
			isa = XCBuildConfiguration;
			buildSettings = {
				FRAMEWORK_SEARCH_PATHS = (
					"$(inherited)",
					"\"$(SRCROOT)\"",
				);
				GCC_PRECOMPILE_PREFIX_HEADER = YES;
				GCC_PREFIX_HEADER = "Readey/Readey-Prefix.pch";
				INFOPLIST_FILE = "Readey/Readey-Info.plist";
				IPHONEOS_DEPLOYMENT_TARGET = 6.0;
				PRODUCT_NAME = "$(TARGET_NAME)";
				TARGETED_DEVICE_FAMILY = "1,2";
				WRAPPER_EXTENSION = app;
			};
			name = Release;
		};
/* End XCBuildConfiguration section */

/* Begin XCConfigurationList section */
		63A2ED1B169C8DCD0071D549 /* Build configuration list for PBXProject "Readey" */ = {
			isa = XCConfigurationList;
			buildConfigurations = (
				63A2ED43169C8DCE0071D549 /* Debug */,
				63A2ED44169C8DCE0071D549 /* Release */,
			);
			defaultConfigurationIsVisible = 0;
			defaultConfigurationName = Release;
		};
		63A2ED45169C8DCE0071D549 /* Build configuration list for PBXNativeTarget "Readey" */ = {
			isa = XCConfigurationList;
			buildConfigurations = (
				63A2ED46169C8DCE0071D549 /* Debug */,
				63A2ED47169C8DCE0071D549 /* Release */,
			);
			defaultConfigurationIsVisible = 0;
			defaultConfigurationName = Release;
		};
/* End XCConfigurationList section */
	};
	rootObject = 63A2ED18169C8DCD0071D549 /* Project object */;
}
